
Microsoft Visual Studio Solution File, Format Version 12.00
# Visual Studio Version 17
VisualStudioVersion = 17.3.32901.215
MinimumVisualStudioVersion = 10.0.40219.1
Project("{9A19103F-16F7-4668-BE54-9A1E7A4F7556}") = "CT.API", "CT.API\CT.API.csproj", "{AF4C59EF-90E9-4D52-A19F-5791501BDBC5}"
EndProject
Project("{9A19103F-16F7-4668-BE54-9A1E7A4F7556}") = "CT.Business", "CT.Business\CT.Business.csproj", "{CB23DCC4-4F94-4150-A821-196737F11947}"
EndProject
Project("{9A19103F-16F7-4668-BE54-9A1E7A4F7556}") = "CT.Core", "CT.Core\CT.Core.csproj", "{4B626802-5911-469A-83A4-D81B121FD6AA}"
EndProject
Project("{9A19103F-16F7-4668-BE54-9A1E7A4F7556}") = "CT.DataAccess", "CT.DataAccess\CT.DataAccess.csproj", "{592F3197-737E-4DCA-9136-437A957A6CA6}"
EndProject
Project("{9A19103F-16F7-4668-BE54-9A1E7A4F7556}") = "CT.Entities", "CT.Entities\CT.Entities.csproj", "{9ED6D424-2A38-4FCC-A593-BA9E587541EE}"
EndProject
Project("{9A19103F-16F7-4668-BE54-9A1E7A4F7556}") = "CT.Common", "CT.Common\CT.Common.csproj", "{611BA5E9-6851-4DED-9429-52AB7B38DCBF}"
EndProject
Global
	GlobalSection(SolutionConfigurationPlatforms) = preSolution
		Debug|Any CPU = Debug|Any CPU
		Release|Any CPU = Release|Any CPU
	EndGlobalSection
	GlobalSection(ProjectConfigurationPlatforms) = postSolution
		{AF4C59EF-90E9-4D52-A19F-5791501BDBC5}.Debug|Any CPU.ActiveCfg = Debug|Any CPU
		{AF4C59EF-90E9-4D52-A19F-5791501BDBC5}.Debug|Any CPU.Build.0 = Debug|Any CPU
		{AF4C59EF-90E9-4D52-A19F-5791501BDBC5}.Release|Any CPU.ActiveCfg = Release|Any CPU
		{AF4C59EF-90E9-4D52-A19F-5791501BDBC5}.Release|Any CPU.Build.0 = Release|Any CPU
		{CB23DCC4-4F94-4150-A821-196737F11947}.Debug|Any CPU.ActiveCfg = Debug|Any CPU
		{CB23DCC4-4F94-4150-A821-196737F11947}.Debug|Any CPU.Build.0 = Debug|Any CPU
		{CB23DCC4-4F94-4150-A821-196737F11947}.Release|Any CPU.ActiveCfg = Release|Any CPU
		{CB23DCC4-4F94-4150-A821-196737F11947}.Release|Any CPU.Build.0 = Release|Any CPU
		{4B626802-5911-469A-83A4-D81B121FD6AA}.Debug|Any CPU.ActiveCfg = Debug|Any CPU
		{4B626802-5911-469A-83A4-D81B121FD6AA}.Debug|Any CPU.Build.0 = Debug|Any CPU
		{4B626802-5911-469A-83A4-D81B121FD6AA}.Release|Any CPU.ActiveCfg = Release|Any CPU
		{4B626802-5911-469A-83A4-D81B121FD6AA}.Release|Any CPU.Build.0 = Release|Any CPU
		{592F3197-737E-4DCA-9136-437A957A6CA6}.Debug|Any CPU.ActiveCfg = Debug|Any CPU
		{592F3197-737E-4DCA-9136-437A957A6CA6}.Debug|Any CPU.Build.0 = Debug|Any CPU
		{592F3197-737E-4DCA-9136-437A957A6CA6}.Release|Any CPU.ActiveCfg = Release|Any CPU
		{592F3197-737E-4DCA-9136-437A957A6CA6}.Release|Any CPU.Build.0 = Release|Any CPU
		{9ED6D424-2A38-4FCC-A593-BA9E587541EE}.Debug|Any CPU.ActiveCfg = Debug|Any CPU
		{9ED6D424-2A38-4FCC-A593-BA9E587541EE}.Debug|Any CPU.Build.0 = Debug|Any CPU
		{9ED6D424-2A38-4FCC-A593-BA9E587541EE}.Release|Any CPU.ActiveCfg = Release|Any CPU
		{9ED6D424-2A38-4FCC-A593-BA9E587541EE}.Release|Any CPU.Build.0 = Release|Any CPU
		{611BA5E9-6851-4DED-9429-52AB7B38DCBF}.Debug|Any CPU.ActiveCfg = Debug|Any CPU
		{611BA5E9-6851-4DED-9429-52AB7B38DCBF}.Debug|Any CPU.Build.0 = Debug|Any CPU
		{611BA5E9-6851-4DED-9429-52AB7B38DCBF}.Release|Any CPU.ActiveCfg = Release|Any CPU
		{611BA5E9-6851-4DED-9429-52AB7B38DCBF}.Release|Any CPU.Build.0 = Release|Any CPU
	EndGlobalSection
	GlobalSection(SolutionProperties) = preSolution
		HideSolutionNode = FALSE
	EndGlobalSection
	GlobalSection(ExtensibilityGlobals) = postSolution
		SolutionGuid = {3566DCA1-2E11-491A-A2CD-AC68A3A91D71}
	EndGlobalSection
EndGlobal
