
Microsoft Visual Studio Solution File, Format Version 12.00
# Visual Studio Version 16
VisualStudioVersion = 16.0.32901.82
MinimumVisualStudioVersion = 10.0.40219.1
Project("{FAE04EC0-301F-11D3-BF4B-00C04F79EFBC}") = "Logging", "Logging\Logging.csproj", "{C210F44F-226B-4EFC-A613-E91721B2371F}"
EndProject
Global
	GlobalSection(SolutionConfigurationPlatforms) = preSolution
		Debug|Any CPU = Debug|Any CPU
		Release|Any CPU = Release|Any CPU
	EndGlobalSection
	GlobalSection(ProjectConfigurationPlatforms) = postSolution
		{C210F44F-226B-4EFC-A613-E91721B2371F}.Debug|Any CPU.ActiveCfg = Debug|Any CPU
		{C210F44F-226B-4EFC-A613-E91721B2371F}.Debug|Any CPU.Build.0 = Debug|Any CPU
		{C210F44F-226B-4EFC-A613-E91721B2371F}.Release|Any CPU.ActiveCfg = Release|Any CPU
		{C210F44F-226B-4EFC-A613-E91721B2371F}.Release|Any CPU.Build.0 = Release|Any CPU
	EndGlobalSection
	GlobalSection(SolutionProperties) = preSolution
		HideSolutionNode = FALSE
	EndGlobalSection
	GlobalSection(ExtensibilityGlobals) = postSolution
		SolutionGuid = {3DC47E09-B4E8-42F6-B110-709D94B04801}
	EndGlobalSection
EndGlobal
